
Microsoft Visual Studio Solution File, Format Version 12.00
# Visual Studio Version 17
VisualStudioVersion = 17.0.31903.59
MinimumVisualStudioVersion = 10.0.40219.1
Project("{2150E333-8FDC-42A3-9474-1A3956D46DE8}") = "src", "src", "{827E0CD3-B72D-47B6-A68D-7590B98EB39B}"
EndProject
Project("{FAE04EC0-301F-11D3-BF4B-00C04F79EFBC}") = "cCoder.AppSecurity", "src\cCoder.AppSecurity\cCoder.AppSecurity.csproj", "{75CE52BB-59FA-4C84-A764-6BF9F360031E}"
EndProject
Project("{FAE04EC0-301F-11D3-BF4B-00C04F79EFBC}") = "AppSecurity.Web", "src\AppSecurity.Web\AppSecurity.Web.csproj", "{7F94FED2-1E99-4D25-968B-932EF2D0BA51}"
EndProject
Project("{FAE04EC0-301F-11D3-BF4B-00C04F79EFBC}") = "cCoder.AppSecurity.Tests", "src\cCoder.AppSecurity.Tests\cCoder.AppSecurity.Tests.csproj", "{89DD516B-6D96-4E2E-B98C-47EE91DCD43E}"
EndProject
Project("{FAE04EC0-301F-11D3-BF4B-00C04F79EFBC}") = "AppSecurity.AcceptanceTests", "src\AppSecurity.AcceptanceTests\AppSecurity.AcceptanceTests.csproj", "{9D29DE55-7324-45C8-A3F3-707ABB623518}"
EndProject
Global
	GlobalSection(SolutionConfigurationPlatforms) = preSolution
		Debug|Any CPU = Debug|Any CPU
		Debug|x64 = Debug|x64
		Debug|x86 = Debug|x86
		Release|Any CPU = Release|Any CPU
		Release|x64 = Release|x64
		Release|x86 = Release|x86
	EndGlobalSection
	GlobalSection(ProjectConfigurationPlatforms) = postSolution
		{75CE52BB-59FA-4C84-A764-6BF9F360031E}.Debug|Any CPU.ActiveCfg = Debug|Any CPU
		{75CE52BB-59FA-4C84-A764-6BF9F360031E}.Debug|Any CPU.Build.0 = Debug|Any CPU
		{75CE52BB-59FA-4C84-A764-6BF9F360031E}.Debug|x64.ActiveCfg = Debug|Any CPU
		{75CE52BB-59FA-4C84-A764-6BF9F360031E}.Debug|x64.Build.0 = Debug|Any CPU
		{75CE52BB-59FA-4C84-A764-6BF9F360031E}.Debug|x86.ActiveCfg = Debug|Any CPU
		{75CE52BB-59FA-4C84-A764-6BF9F360031E}.Debug|x86.Build.0 = Debug|Any CPU
		{75CE52BB-59FA-4C84-A764-6BF9F360031E}.Release|Any CPU.ActiveCfg = Release|Any CPU
		{75CE52BB-59FA-4C84-A764-6BF9F360031E}.Release|Any CPU.Build.0 = Release|Any CPU
		{75CE52BB-59FA-4C84-A764-6BF9F360031E}.Release|x64.ActiveCfg = Release|Any CPU
		{75CE52BB-59FA-4C84-A764-6BF9F360031E}.Release|x64.Build.0 = Release|Any CPU
		{75CE52BB-59FA-4C84-A764-6BF9F360031E}.Release|x86.ActiveCfg = Release|Any CPU
		{75CE52BB-59FA-4C84-A764-6BF9F360031E}.Release|x86.Build.0 = Release|Any CPU
		{7F94FED2-1E99-4D25-968B-932EF2D0BA51}.Debug|Any CPU.ActiveCfg = Debug|Any CPU
		{7F94FED2-1E99-4D25-968B-932EF2D0BA51}.Debug|Any CPU.Build.0 = Debug|Any CPU
		{7F94FED2-1E99-4D25-968B-932EF2D0BA51}.Debug|x64.ActiveCfg = Debug|Any CPU
		{7F94FED2-1E99-4D25-968B-932EF2D0BA51}.Debug|x64.Build.0 = Debug|Any CPU
		{7F94FED2-1E99-4D25-968B-932EF2D0BA51}.Debug|x86.ActiveCfg = Debug|Any CPU
		{7F94FED2-1E99-4D25-968B-932EF2D0BA51}.Debug|x86.Build.0 = Debug|Any CPU
		{7F94FED2-1E99-4D25-968B-932EF2D0BA51}.Release|Any CPU.ActiveCfg = Release|Any CPU
		{7F94FED2-1E99-4D25-968B-932EF2D0BA51}.Release|Any CPU.Build.0 = Release|Any CPU
		{7F94FED2-1E99-4D25-968B-932EF2D0BA51}.Release|x64.ActiveCfg = Release|Any CPU
		{7F94FED2-1E99-4D25-968B-932EF2D0BA51}.Release|x64.Build.0 = Release|Any CPU
		{7F94FED2-1E99-4D25-968B-932EF2D0BA51}.Release|x86.ActiveCfg = Release|Any CPU
		{7F94FED2-1E99-4D25-968B-932EF2D0BA51}.Release|x86.Build.0 = Release|Any CPU
		{89DD516B-6D96-4E2E-B98C-47EE91DCD43E}.Debug|Any CPU.ActiveCfg = Debug|Any CPU
		{89DD516B-6D96-4E2E-B98C-47EE91DCD43E}.Debug|Any CPU.Build.0 = Debug|Any CPU
		{89DD516B-6D96-4E2E-B98C-47EE91DCD43E}.Debug|x64.ActiveCfg = Debug|Any CPU
		{89DD516B-6D96-4E2E-B98C-47EE91DCD43E}.Debug|x64.Build.0 = Debug|Any CPU
		{89DD516B-6D96-4E2E-B98C-47EE91DCD43E}.Debug|x86.ActiveCfg = Debug|Any CPU
		{89DD516B-6D96-4E2E-B98C-47EE91DCD43E}.Debug|x86.Build.0 = Debug|Any CPU
		{89DD516B-6D96-4E2E-B98C-47EE91DCD43E}.Release|Any CPU.ActiveCfg = Release|Any CPU
		{89DD516B-6D96-4E2E-B98C-47EE91DCD43E}.Release|Any CPU.Build.0 = Release|Any CPU
		{89DD516B-6D96-4E2E-B98C-47EE91DCD43E}.Release|x64.ActiveCfg = Release|Any CPU
		{89DD516B-6D96-4E2E-B98C-47EE91DCD43E}.Release|x64.Build.0 = Release|Any CPU
		{89DD516B-6D96-4E2E-B98C-47EE91DCD43E}.Release|x86.ActiveCfg = Release|Any CPU
		{89DD516B-6D96-4E2E-B98C-47EE91DCD43E}.Release|x86.Build.0 = Release|Any CPU
		{9D29DE55-7324-45C8-A3F3-707ABB623518}.Debug|Any CPU.ActiveCfg = Debug|Any CPU
		{9D29DE55-7324-45C8-A3F3-707ABB623518}.Debug|Any CPU.Build.0 = Debug|Any CPU
		{9D29DE55-7324-45C8-A3F3-707ABB623518}.Debug|x64.ActiveCfg = Debug|Any CPU
		{9D29DE55-7324-45C8-A3F3-707ABB623518}.Debug|x64.Build.0 = Debug|Any CPU
		{9D29DE55-7324-45C8-A3F3-707ABB623518}.Debug|x86.ActiveCfg = Debug|Any CPU
		{9D29DE55-7324-45C8-A3F3-707ABB623518}.Debug|x86.Build.0 = Debug|Any CPU
		{9D29DE55-7324-45C8-A3F3-707ABB623518}.Release|Any CPU.ActiveCfg = Release|Any CPU
		{9D29DE55-7324-45C8-A3F3-707ABB623518}.Release|Any CPU.Build.0 = Release|Any CPU
		{9D29DE55-7324-45C8-A3F3-707ABB623518}.Release|x64.ActiveCfg = Release|Any CPU
		{9D29DE55-7324-45C8-A3F3-707ABB623518}.Release|x64.Build.0 = Release|Any CPU
		{9D29DE55-7324-45C8-A3F3-707ABB623518}.Release|x86.ActiveCfg = Release|Any CPU
		{9D29DE55-7324-45C8-A3F3-707ABB623518}.Release|x86.Build.0 = Release|Any CPU
	EndGlobalSection
	GlobalSection(SolutionProperties) = preSolution
		HideSolutionNode = FALSE
	EndGlobalSection
	GlobalSection(NestedProjects) = preSolution
		{75CE52BB-59FA-4C84-A764-6BF9F360031E} = {827E0CD3-B72D-47B6-A68D-7590B98EB39B}
		{7F94FED2-1E99-4D25-968B-932EF2D0BA51} = {827E0CD3-B72D-47B6-A68D-7590B98EB39B}
		{89DD516B-6D96-4E2E-B98C-47EE91DCD43E} = {827E0CD3-B72D-47B6-A68D-7590B98EB39B}
		{9D29DE55-7324-45C8-A3F3-707ABB623518} = {827E0CD3-B72D-47B6-A68D-7590B98EB39B}
	EndGlobalSection
EndGlobal
